
Microsoft Visual Studio Solution File, Format Version 12.00
# Visual Studio Version 17
VisualStudioVersion = 17.14.35906.104
MinimumVisualStudioVersion = 10.0.40219.1
Project("{FAE04EC0-301F-11D3-BF4B-00C04F79EFBC}") = "clothingsystem", "clothingsystem\clothingsystem.csproj", "{D165269B-F21A-4B2C-A9BA-F3CD0A173F63}"
EndProject
Project("{FAE04EC0-301F-11D3-BF4B-00C04F79EFBC}") = "clothing_businessdata", "clothing_businessdata\clothing_businessdata.csproj", "{975DC95F-A48D-4119-A63E-D1C13603CA13}"
EndProject
Project("{FAE04EC0-301F-11D3-BF4B-00C04F79EFBC}") = "Data_logic", "Data_logic\Data_logic.csproj", "{49AE6942-B6D8-4192-B696-6E8E06CBBADF}"
EndProject
Project("{FAE04EC0-301F-11D3-BF4B-00C04F79EFBC}") = "clothing_common", "clothing_common\clothing_common.csproj", "{4CEA457B-F52C-40D6-A064-EE31C6130378}"
EndProject
Global
	GlobalSection(SolutionConfigurationPlatforms) = preSolution
		Debug|Any CPU = Debug|Any CPU
		Release|Any CPU = Release|Any CPU
	EndGlobalSection
	GlobalSection(ProjectConfigurationPlatforms) = postSolution
		{D165269B-F21A-4B2C-A9BA-F3CD0A173F63}.Debug|Any CPU.ActiveCfg = Debug|Any CPU
		{D165269B-F21A-4B2C-A9BA-F3CD0A173F63}.Debug|Any CPU.Build.0 = Debug|Any CPU
		{D165269B-F21A-4B2C-A9BA-F3CD0A173F63}.Release|Any CPU.ActiveCfg = Release|Any CPU
		{D165269B-F21A-4B2C-A9BA-F3CD0A173F63}.Release|Any CPU.Build.0 = Release|Any CPU
		{975DC95F-A48D-4119-A63E-D1C13603CA13}.Debug|Any CPU.ActiveCfg = Debug|Any CPU
		{975DC95F-A48D-4119-A63E-D1C13603CA13}.Debug|Any CPU.Build.0 = Debug|Any CPU
		{975DC95F-A48D-4119-A63E-D1C13603CA13}.Release|Any CPU.ActiveCfg = Release|Any CPU
		{975DC95F-A48D-4119-A63E-D1C13603CA13}.Release|Any CPU.Build.0 = Release|Any CPU
		{49AE6942-B6D8-4192-B696-6E8E06CBBADF}.Debug|Any CPU.ActiveCfg = Debug|Any CPU
		{49AE6942-B6D8-4192-B696-6E8E06CBBADF}.Debug|Any CPU.Build.0 = Debug|Any CPU
		{49AE6942-B6D8-4192-B696-6E8E06CBBADF}.Release|Any CPU.ActiveCfg = Release|Any CPU
		{49AE6942-B6D8-4192-B696-6E8E06CBBADF}.Release|Any CPU.Build.0 = Release|Any CPU
		{4CEA457B-F52C-40D6-A064-EE31C6130378}.Debug|Any CPU.ActiveCfg = Debug|Any CPU
		{4CEA457B-F52C-40D6-A064-EE31C6130378}.Debug|Any CPU.Build.0 = Debug|Any CPU
		{4CEA457B-F52C-40D6-A064-EE31C6130378}.Release|Any CPU.ActiveCfg = Release|Any CPU
		{4CEA457B-F52C-40D6-A064-EE31C6130378}.Release|Any CPU.Build.0 = Release|Any CPU
	EndGlobalSection
	GlobalSection(SolutionProperties) = preSolution
		HideSolutionNode = FALSE
	EndGlobalSection
	GlobalSection(ExtensibilityGlobals) = postSolution
		SolutionGuid = {D54B8A12-193A-44EF-BD1F-B17667578B6D}
	EndGlobalSection
EndGlobal
